
Microsoft Visual Studio Solution File, Format Version 12.00
# Visual Studio Version 16
VisualStudioVersion = 16.0.30104.148
MinimumVisualStudioVersion = 10.0.40219.1
Project("{FAE04EC0-301F-11D3-BF4B-00C04F79EFBC}") = "CommunityPlantsWebAppASpMVC", "GemeinschaftsBalkonWebApp01\CommunityPlantsWebAppASpMVC.csproj", "{D22EEC0F-5624-4D38-9EC0-6C8CF74E2959}"
EndProject
Global
	GlobalSection(SolutionConfigurationPlatforms) = preSolution
		Debug|Any CPU = Debug|Any CPU
		Release|Any CPU = Release|Any CPU
	EndGlobalSection
	GlobalSection(ProjectConfigurationPlatforms) = postSolution
		{D22EEC0F-5624-4D38-9EC0-6C8CF74E2959}.Debug|Any CPU.ActiveCfg = Debug|Any CPU
		{D22EEC0F-5624-4D38-9EC0-6C8CF74E2959}.Debug|Any CPU.Build.0 = Debug|Any CPU
		{D22EEC0F-5624-4D38-9EC0-6C8CF74E2959}.Release|Any CPU.ActiveCfg = Release|Any CPU
		{D22EEC0F-5624-4D38-9EC0-6C8CF74E2959}.Release|Any CPU.Build.0 = Release|Any CPU
	EndGlobalSection
	GlobalSection(SolutionProperties) = preSolution
		HideSolutionNode = FALSE
	EndGlobalSection
	GlobalSection(ExtensibilityGlobals) = postSolution
		SolutionGuid = {032BE873-B9F2-41C4-AB17-17F9D811E40C}
	EndGlobalSection
EndGlobal
